<?xml version="1.0" encoding="utf-8"?>
<Project ToolsVersion="4.0" xmlns="http://schemas.microsoft.com/developer/msbuild/2003">
  <ItemGroup>
    <Filter Include="Исходные файлы">
      <UniqueIdentifier>{4FC737F1-C7A5-4376-A066-2A32D752A2FF}</UniqueIdentifier>
      <Extensions>cpp;c;cc;cxx;c++;cppm;ixx;def;odl;idl;hpj;bat;asm;asmx</Extensions>
    </Filter>
    <Filter Include="Файлы заголовков">
      <UniqueIdentifier>{93995380-89BD-4b04-88EB-625FBE52EBFB}</UniqueIdentifier>
      <Extensions>h;hh;hpp;hxx;h++;hm;inl;inc;ipp;xsd</Extensions>
    </Filter>
    <Filter Include="Файлы ресурсов">
      <UniqueIdentifier>{67DA6AB6-F800-4c08-8B7A-83BB121AAD01}</UniqueIdentifier>
      <Extensions>rc;ico;cur;bmp;dlg;rc2;rct;bin;rgs;gif;jpg;jpeg;jpe;resx;tiff;tif;png;wav;mfcribbon-ms</Extensions>
    </Filter>
    <Filter Include="Исходные файлы\Device">
      <UniqueIdentifier>{44708863-2141-4cf4-86c8-19b949f5b13a}</UniqueIdentifier>
    </Filter>
    <Filter Include="Файлы заголовков\Device">
      <UniqueIdentifier>{b239f64e-954d-462e-a264-5314d20eeb00}</UniqueIdentifier>
    </Filter>
    <Filter Include="Исходные файлы\Thread">
      <UniqueIdentifier>{ed294756-0724-4597-b4a0-6f2facfbf25a}</UniqueIdentifier>
    </Filter>
    <Filter Include="Файлы заголовков\Thread">
      <UniqueIdentifier>{93998dfc-2576-4e49-b99c-c11f874ad017}</UniqueIdentifier>
    </Filter>
    <Filter Include="Исходные файлы\Spectre">
      <UniqueIdentifier>{12a8713b-58eb-4208-987c-f5464c4d8f4b}</UniqueIdentifier>
    </Filter>
    <Filter Include="Файлы заголовков\Spectre">
      <UniqueIdentifier>{5adda9c1-255a-4dd2-8eec-7fc2d81b9b18}</UniqueIdentifier>
    </Filter>
    <Filter Include="Исходные файлы\Oscillator">
      <UniqueIdentifier>{9a0a7b43-15f6-4a3d-95ba-be9af1bc151a}</UniqueIdentifier>
    </Filter>
    <Filter Include="Исходные файлы\imgui">
      <UniqueIdentifier>{239b93ef-bb69-45d3-b3ac-330ba0436d89}</UniqueIdentifier>
    </Filter>
    <Filter Include="Файлы заголовков\imgui">
      <UniqueIdentifier>{b62af280-bc5c-4410-aba4-4d431157f828}</UniqueIdentifier>
    </Filter>
    <Filter Include="Исходные файлы\Modulation">
      <UniqueIdentifier>{520e6928-e31d-447c-8e27-52d9af533dda}</UniqueIdentifier>
    </Filter>
    <Filter Include="Файлы заголовков\Modulation">
      <UniqueIdentifier>{eaada6a3-b065-4b92-9b45-90b7ace86cf7}</UniqueIdentifier>
    </Filter>
    <Filter Include="Исходные файлы\Serial">
      <UniqueIdentifier>{9456d633-093f-4e69-8c52-e88f01ac4ca6}</UniqueIdentifier>
    </Filter>
    <Filter Include="Файлы заголовков\Serial">
      <UniqueIdentifier>{dfa87b9e-fe6e-4cb5-a782-85ddd6c1ea61}</UniqueIdentifier>
    </Filter>
  </ItemGroup>
  <ItemGroup>
    <ClCompile Include="src\Config.cpp">
      <Filter>Исходные файлы</Filter>
    </ClCompile>
    <ClCompile Include="src\kSDR.cpp">
      <Filter>Исходные файлы</Filter>
    </ClCompile>
    <ClCompile Include="src\SoundCard.cpp">
      <Filter>Исходные файлы</Filter>
    </ClCompile>
    <ClCompile Include="src\Utils.cpp">
      <Filter>Исходные файлы</Filter>
    </ClCompile>
    <ClCompile Include="src\CircleBuffer.cpp">
      <Filter>Исходные файлы</Filter>
    </ClCompile>
    <ClCompile Include="src\SoundReaderThread.cpp">
      <Filter>Исходные файлы</Filter>
    </ClCompile>
    <ClCompile Include="src\Display.cpp">
      <Filter>Исходные файлы</Filter>
    </ClCompile>
    <ClCompile Include="src\Semaphore.cpp">
      <Filter>Исходные файлы</Filter>
    </ClCompile>
    <ClCompile Include="src\ViewModel.cpp">
      <Filter>Исходные файлы</Filter>
    </ClCompile>
    <ClCompile Include="src\RSP1.cpp">
      <Filter>Исходные файлы</Filter>
    </ClCompile>
    <ClCompile Include="src\CircleBufferReaderThread.cpp">
      <Filter>Исходные файлы</Filter>
    </ClCompile>
    <ClCompile Include="src\HilbertTransform.cpp">
      <Filter>Исходные файлы</Filter>
    </ClCompile>
    <ClCompile Include="src\Delay.cpp">
      <Filter>Исходные файлы</Filter>
    </ClCompile>
    <ClCompile Include="src\KalmanFilter.cpp">
      <Filter>Исходные файлы</Filter>
    </ClCompile>
    <ClCompile Include="src\FirFilter.cpp">
      <Filter>Исходные файлы</Filter>
    </ClCompile>
    <ClCompile Include="src\PolyPhaseFilter.cpp">
      <Filter>Исходные файлы</Filter>
    </ClCompile>
    <ClCompile Include="src\Filter.cpp">
      <Filter>Исходные файлы</Filter>
    </ClCompile>
    <ClCompile Include="src\SMeter.cpp">
      <Filter>Исходные файлы</Filter>
    </ClCompile>
    <ClCompile Include="src\Spectre.cpp">
      <Filter>Исходные файлы</Filter>
    </ClCompile>
    <ClCompile Include="src\ReceiverLogic.cpp">
      <Filter>Исходные файлы</Filter>
    </ClCompile>
    <ClCompile Include="src\Waterfall.cpp">
      <Filter>Исходные файлы</Filter>
    </ClCompile>
    <ClCompile Include="src\CPU.cpp">
      <Filter>Исходные файлы</Filter>
    </ClCompile>
    <ClCompile Include="src\FlowingFFTSpectre.cpp">
      <Filter>Исходные файлы</Filter>
    </ClCompile>
    <ClCompile Include="src\WindowBlackman.cpp">
      <Filter>Исходные файлы</Filter>
    </ClCompile>
    <ClCompile Include="src\WindowBlackmanHarris.cpp">
      <Filter>Исходные файлы</Filter>
    </ClCompile>
    <ClCompile Include="src\tinyxml2\tinyxml2.cpp">
      <Filter>Исходные файлы</Filter>
    </ClCompile>
    <ClCompile Include="src\FIR.cpp">
      <Filter>Исходные файлы</Filter>
    </ClCompile>
    <ClCompile Include="src\AGC.cpp">
      <Filter>Исходные файлы</Filter>
    </ClCompile>
    <ClCompile Include="src\Device.cpp">
      <Filter>Исходные файлы</Filter>
    </ClCompile>
    <ClCompile Include="src\DCRemove.cpp">
      <Filter>Исходные файлы</Filter>
    </ClCompile>
    <ClCompile Include="src\ListSetting.cpp">
      <Filter>Исходные файлы</Filter>
    </ClCompile>
    <ClCompile Include="src\FMDemodulator.cpp">
      <Filter>Исходные файлы</Filter>
    </ClCompile>
    <ClCompile Include="src\ColoredSpectreBG.cpp">
      <Filter>Исходные файлы</Filter>
    </ClCompile>
    <ClCompile Include="src\MemoryRecordUserInterface.cpp">
      <Filter>Исходные файлы</Filter>
    </ClCompile>
    <ClCompile Include="src\SpeedCount.cpp">
      <Filter>Исходные файлы</Filter>
    </ClCompile>
    <ClCompile Include="src\FastMath.cpp">
      <Filter>Исходные файлы</Filter>
    </ClCompile>
    <ClCompile Include="src\ReceiverRegionInterface.cpp">
      <Filter>Исходные файлы</Filter>
    </ClCompile>
    <ClCompile Include="src\Device\DeviceN.cpp">
      <Filter>Исходные файлы\Device</Filter>
    </ClCompile>
    <ClCompile Include="src\Device\DeviceController.cpp">
      <Filter>Исходные файлы\Device</Filter>
    </ClCompile>
    <ClCompile Include="src\Device\HackRFDevice.cpp">
      <Filter>Исходные файлы\Device</Filter>
    </ClCompile>
    <ClCompile Include="src\Environment.cpp">
      <Filter>Исходные файлы</Filter>
    </ClCompile>
    <ClCompile Include="src\Device\DeviceInterface.cpp">
      <Filter>Исходные файлы\Device</Filter>
    </ClCompile>
    <ClCompile Include="src\Device\HackRFInterface.cpp">
      <Filter>Исходные файлы\Device</Filter>
    </ClCompile>
    <ClCompile Include="src\Thread\MyThread.cpp">
      <Filter>Исходные файлы\Thread</Filter>
    </ClCompile>
    <ClCompile Include="src\SoundProcessorThread.cpp">
      <Filter>Исходные файлы\Thread</Filter>
    </ClCompile>
    <ClCompile Include="src\SoundCardWriterThread.cpp">
      <Filter>Исходные файлы\Thread</Filter>
    </ClCompile>
    <ClCompile Include="src\FFTSpectreHandler.cpp">
      <Filter>Исходные файлы\Thread</Filter>
    </ClCompile>
    <ClCompile Include="src\Spectre\FFTData.cpp">
      <Filter>Исходные файлы\Spectre</Filter>
    </ClCompile>
    <ClCompile Include="src\DataReceiver.cpp">
      <Filter>Исходные файлы</Filter>
    </ClCompile>
    <ClCompile Include="src\Device\RTLInterface.cpp">
      <Filter>Исходные файлы\Device</Filter>
    </ClCompile>
    <ClCompile Include="src\Device\RTLDevice.cpp">
      <Filter>Исходные файлы\Device</Filter>
    </ClCompile>
    <ClCompile Include="src\Device\RSPDevice.cpp">
      <Filter>Исходные файлы\Device</Filter>
    </ClCompile>
    <ClCompile Include="src\Device\RSPInterface.cpp">
      <Filter>Исходные файлы\Device</Filter>
    </ClCompile>
    <ClCompile Include="src\ComplexOscillator.cpp">
      <Filter>Исходные файлы\Oscillator</Filter>
    </ClCompile>
    <ClCompile Include="src\ComplexSignal.cpp">
      <Filter>Исходные файлы\Oscillator</Filter>
    </ClCompile>
    <ClCompile Include="src\CosOscillator.cpp">
      <Filter>Исходные файлы\Oscillator</Filter>
    </ClCompile>
    <ClCompile Include="src\Oscillator.cpp">
      <Filter>Исходные файлы\Oscillator</Filter>
    </ClCompile>
    <ClCompile Include="src\Mixer.cpp">
      <Filter>Исходные файлы\Oscillator</Filter>
    </ClCompile>
    <ClCompile Include="src\SinOscillator.cpp">
      <Filter>Исходные файлы\Oscillator</Filter>
    </ClCompile>
    <ClCompile Include="src\imgui\imgui.cpp">
      <Filter>Исходные файлы\imgui</Filter>
    </ClCompile>
    <ClCompile Include="src\imgui\imgui_demo.cpp">
      <Filter>Исходные файлы\imgui</Filter>
    </ClCompile>
    <ClCompile Include="src\imgui\imgui_draw.cpp">
      <Filter>Исходные файлы\imgui</Filter>
    </ClCompile>
    <ClCompile Include="src\imgui\imgui_impl_glfw.cpp">
      <Filter>Исходные файлы\imgui</Filter>
    </ClCompile>
    <ClCompile Include="src\imgui\imgui_impl_opengl3.cpp">
      <Filter>Исходные файлы\imgui</Filter>
    </ClCompile>
    <ClCompile Include="src\imgui\imgui_stdlib.cpp">
      <Filter>Исходные файлы\imgui</Filter>
    </ClCompile>
    <ClCompile Include="src\imgui\imgui_tables.cpp">
      <Filter>Исходные файлы\imgui</Filter>
    </ClCompile>
    <ClCompile Include="src\imgui\imgui_widgets.cpp">
      <Filter>Исходные файлы\imgui</Filter>
    </ClCompile>
    <ClCompile Include="src\HilbertTransformFFTW.cpp">
      <Filter>Исходные файлы</Filter>
    </ClCompile>
    <ClCompile Include="src\SoundCardInputReaderThread.cpp">
      <Filter>Исходные файлы\Thread</Filter>
    </ClCompile>
    <ClCompile Include="src\TXDataHandler.cpp">
      <Filter>Исходные файлы\Thread</Filter>
    </ClCompile>
    <ClCompile Include="src\SSB.cpp">
      <Filter>Исходные файлы\Modulation</Filter>
    </ClCompile>
    <ClCompile Include="src\Modulation.cpp">
      <Filter>Исходные файлы\Modulation</Filter>
    </ClCompile>
    <ClCompile Include="src\AM.cpp">
      <Filter>Исходные файлы\Modulation</Filter>
    </ClCompile>
    <ClCompile Include="src\FastFir\jfastfir.cpp">
      <Filter>Исходные файлы</Filter>
    </ClCompile>
    <ClCompile Include="src\COMPortHandler.cpp">
      <Filter>Исходные файлы\Thread</Filter>
    </ClCompile>
    <ClCompile Include="src\TransmittingData.cpp">
      <Filter>Исходные файлы\Modulation</Filter>
    </ClCompile>
    <ClCompile Include="src\CW.cpp">
      <Filter>Исходные файлы\Modulation</Filter>
    </ClCompile>
    <ClCompile Include="src\serialib.cpp">
      <Filter>Исходные файлы\Serial</Filter>
    </ClCompile>
  </ItemGroup>
  <ItemGroup>
    <ClInclude Include="src\Config.h">
      <Filter>Файлы заголовков</Filter>
    </ClInclude>
    <ClInclude Include="src\Env.h">
      <Filter>Файлы заголовков</Filter>
    </ClInclude>
    <ClInclude Include="src\kSDR.h">
      <Filter>Файлы заголовков</Filter>
    </ClInclude>
    <ClInclude Include="src\SoundCard.h">
      <Filter>Файлы заголовков</Filter>
    </ClInclude>
    <ClInclude Include="src\Utils.h">
      <Filter>Файлы заголовков</Filter>
    </ClInclude>
    <ClInclude Include="src\CircleBuffer.h">
      <Filter>Файлы заголовков</Filter>
    </ClInclude>
    <ClInclude Include="src\SoundReaderThread.h">
      <Filter>Файлы заголовков</Filter>
    </ClInclude>
    <ClInclude Include="src\Display.h">
      <Filter>Файлы заголовков</Filter>
    </ClInclude>
    <ClInclude Include="src\Semaphore.h">
      <Filter>Файлы заголовков</Filter>
    </ClInclude>
    <ClInclude Include="src\WindowBlackman.h">
      <Filter>Файлы заголовков</Filter>
    </ClInclude>
    <ClInclude Include="src\fft3.hpp">
      <Filter>Файлы заголовков</Filter>
    </ClInclude>
    <ClInclude Include="src\Average.h">
      <Filter>Файлы заголовков</Filter>
    </ClInclude>
    <ClInclude Include="src\ViewModel.h">
      <Filter>Файлы заголовков</Filter>
    </ClInclude>
    <ClInclude Include="src\imgui\imconfig.h">
      <Filter>Файлы заголовков</Filter>
    </ClInclude>
    <ClInclude Include="src\imgui\imstb_rectpack.h">
      <Filter>Файлы заголовков</Filter>
    </ClInclude>
    <ClInclude Include="src\imgui\imstb_textedit.h">
      <Filter>Файлы заголовков</Filter>
    </ClInclude>
    <ClInclude Include="src\imgui\imstb_truetype.h">
      <Filter>Файлы заголовков</Filter>
    </ClInclude>
    <ClInclude Include="src\RSP1.h">
      <Filter>Файлы заголовков</Filter>
    </ClInclude>
    <ClInclude Include="src\CircleBufferReaderThread.h">
      <Filter>Файлы заголовков</Filter>
    </ClInclude>
    <ClInclude Include="src\Mixer.h">
      <Filter>Файлы заголовков</Filter>
    </ClInclude>
    <ClInclude Include="src\HilbertTransform.h">
      <Filter>Файлы заголовков</Filter>
    </ClInclude>
    <ClInclude Include="src\Delay.h">
      <Filter>Файлы заголовков</Filter>
    </ClInclude>
    <ClInclude Include="src\AGC.h">
      <Filter>Файлы заголовков</Filter>
    </ClInclude>
    <ClInclude Include="src\KalmanFilter.h">
      <Filter>Файлы заголовков</Filter>
    </ClInclude>
    <ClInclude Include="src\ComplexOscillator.h">
      <Filter>Файлы заголовков</Filter>
    </ClInclude>
    <ClInclude Include="src\SinOscillator.h">
      <Filter>Файлы заголовков</Filter>
    </ClInclude>
    <ClInclude Include="src\FirFilter.h">
      <Filter>Файлы заголовков</Filter>
    </ClInclude>
    <ClInclude Include="src\ComplexSignal.h">
      <Filter>Файлы заголовков</Filter>
    </ClInclude>
    <ClInclude Include="src\CosOscillator.h">
      <Filter>Файлы заголовков</Filter>
    </ClInclude>
    <ClInclude Include="src\PolyPhaseFilter.h">
      <Filter>Файлы заголовков</Filter>
    </ClInclude>
    <ClInclude Include="src\Filter.h">
      <Filter>Файлы заголовков</Filter>
    </ClInclude>
    <ClInclude Include="src\Oscillator.h">
      <Filter>Файлы заголовков</Filter>
    </ClInclude>
    <ClInclude Include="src\SMeter.h">
      <Filter>Файлы заголовков</Filter>
    </ClInclude>
    <ClInclude Include="src\Spectre.h">
      <Filter>Файлы заголовков</Filter>
    </ClInclude>
    <ClInclude Include="src\ReceiverLogic.h">
      <Filter>Файлы заголовков</Filter>
    </ClInclude>
    <ClInclude Include="src\Waterfall.h">
      <Filter>Файлы заголовков</Filter>
    </ClInclude>
    <ClInclude Include="src\CPU.h">
      <Filter>Файлы заголовков</Filter>
    </ClInclude>
    <ClInclude Include="resource.h">
      <Filter>Файлы заголовков</Filter>
    </ClInclude>
    <ClInclude Include="src\FlowingFFTSpectre.h">
      <Filter>Файлы заголовков</Filter>
    </ClInclude>
    <ClInclude Include="src\WindowBlackmanHarris.h">
      <Filter>Файлы заголовков</Filter>
    </ClInclude>
    <ClInclude Include="src\tinyxml2\tinyxml2.h">
      <Filter>Файлы заголовков</Filter>
    </ClInclude>
    <ClInclude Include="src\FIR.h">
      <Filter>Файлы заголовков</Filter>
    </ClInclude>
    <ClInclude Include="src\Device.h">
      <Filter>Файлы заголовков</Filter>
    </ClInclude>
    <ClInclude Include="src\DCRemove.h">
      <Filter>Файлы заголовков</Filter>
    </ClInclude>
    <ClInclude Include="src\ListSetting.h">
      <Filter>Файлы заголовков</Filter>
    </ClInclude>
    <ClInclude Include="src\FMDemodulator.h">
      <Filter>Файлы заголовков</Filter>
    </ClInclude>
    <ClInclude Include="src\ColoredSpectreBG.h">
      <Filter>Файлы заголовков</Filter>
    </ClInclude>
    <ClInclude Include="src\MemoryRecordUserInterface.h">
      <Filter>Файлы заголовков</Filter>
    </ClInclude>
    <ClInclude Include="src\FastMath.h">
      <Filter>Файлы заголовков</Filter>
    </ClInclude>
    <ClInclude Include="src\ReceiverRegionInterface.h">
      <Filter>Файлы заголовков</Filter>
    </ClInclude>
    <ClInclude Include="src\SpectreWindowData.h">
      <Filter>Файлы заголовков</Filter>
    </ClInclude>
    <ClInclude Include="src\Device\DeviceN.h">
      <Filter>Файлы заголовков\Device</Filter>
    </ClInclude>
    <ClInclude Include="src\Device\DeviceController.h">
      <Filter>Файлы заголовков\Device</Filter>
    </ClInclude>
    <ClInclude Include="src\Device\HackRFDevice.h">
      <Filter>Файлы заголовков\Device</Filter>
    </ClInclude>
    <ClInclude Include="src\Environment.h">
      <Filter>Файлы заголовков</Filter>
    </ClInclude>
    <ClInclude Include="src\Device\DeviceInterface.h">
      <Filter>Файлы заголовков\Device</Filter>
    </ClInclude>
    <ClInclude Include="src\Device\HackRFInterface.h">
      <Filter>Файлы заголовков\Device</Filter>
    </ClInclude>
    <ClInclude Include="src\Thread\MyThread.h">
      <Filter>Файлы заголовков\Thread</Filter>
    </ClInclude>
    <ClInclude Include="src\SoundCardWriterThread.h">
      <Filter>Файлы заголовков\Thread</Filter>
    </ClInclude>
    <ClInclude Include="src\FFTSpectreHandler.h">
      <Filter>Файлы заголовков\Thread</Filter>
    </ClInclude>
    <ClInclude Include="src\SoundProcessorThread.h">
      <Filter>Файлы заголовков\Thread</Filter>
    </ClInclude>
    <ClInclude Include="src\Spectre\FFTData.h">
      <Filter>Файлы заголовков\Spectre</Filter>
    </ClInclude>
    <ClInclude Include="src\CircleBufferNew.h">
      <Filter>Файлы заголовков</Filter>
    </ClInclude>
    <ClInclude Include="src\DataReceiver.h">
      <Filter>Файлы заголовков</Filter>
    </ClInclude>
    <ClInclude Include="src\Buffer.h">
      <Filter>Файлы заголовков</Filter>
    </ClInclude>
    <ClInclude Include="src\Device\RTLInterface.h">
      <Filter>Файлы заголовков\Device</Filter>
    </ClInclude>
    <ClInclude Include="src\Device\RTLDevice.h">
      <Filter>Файлы заголовков\Device</Filter>
    </ClInclude>
    <ClInclude Include="src\Device\RSPDevice.h">
      <Filter>Файлы заголовков\Device</Filter>
    </ClInclude>
    <ClInclude Include="src\Device\RSPInterface.h">
      <Filter>Файлы заголовков\Device</Filter>
    </ClInclude>
    <ClInclude Include="src\imgui\imgui.h">
      <Filter>Файлы заголовков\imgui</Filter>
    </ClInclude>
    <ClInclude Include="src\imgui\imgui_impl_glfw.h">
      <Filter>Файлы заголовков\imgui</Filter>
    </ClInclude>
    <ClInclude Include="src\imgui\imgui_impl_opengl3.h">
      <Filter>Файлы заголовков\imgui</Filter>
    </ClInclude>
    <ClInclude Include="src\imgui\imgui_impl_opengl3_loader.h">
      <Filter>Файлы заголовков\imgui</Filter>
    </ClInclude>
    <ClInclude Include="src\imgui\imgui_internal.h">
      <Filter>Файлы заголовков\imgui</Filter>
    </ClInclude>
    <ClInclude Include="src\imgui\imgui_stdlib.h">
      <Filter>Файлы заголовков\imgui</Filter>
    </ClInclude>
    <ClInclude Include="src\TransmittingData.h">
      <Filter>Файлы заголовков</Filter>
    </ClInclude>
    <ClInclude Include="src\HilbertTransformFFTW.h">
      <Filter>Файлы заголовков</Filter>
    </ClInclude>
    <ClInclude Include="src\SoundCardInputReaderThread.h">
      <Filter>Файлы заголовков\Thread</Filter>
    </ClInclude>
    <ClInclude Include="src\TXDataHandler.h">
      <Filter>Файлы заголовков\Thread</Filter>
    </ClInclude>
    <ClInclude Include="src\SSB.h">
      <Filter>Файлы заголовков\Modulation</Filter>
    </ClInclude>
    <ClInclude Include="src\Modulation.h">
      <Filter>Файлы заголовков\Modulation</Filter>
    </ClInclude>
    <ClInclude Include="src\AM.h">
      <Filter>Файлы заголовков\Modulation</Filter>
    </ClInclude>
    <ClInclude Include="src\FastFir\jfastfir.h">
      <Filter>Файлы заголовков</Filter>
    </ClInclude>
    <ClInclude Include="src\ComPortHandler.h">
      <Filter>Файлы заголовков\Thread</Filter>
    </ClInclude>
    <ClInclude Include="src\CW.h">
      <Filter>Файлы заголовков\Modulation</Filter>
    </ClInclude>
    <ClInclude Include="src\serialib.h">
      <Filter>Файлы заголовков\Serial</Filter>
    </ClInclude>
  </ItemGroup>
  <ItemGroup>
    <ResourceCompile Include="kSDR.rc">
      <Filter>Файлы ресурсов</Filter>
    </ResourceCompile>
  </ItemGroup>
  <ItemGroup>
    <Image Include="res\icon.ico">
      <Filter>Файлы ресурсов</Filter>
    </Image>
  </ItemGroup>
</Project>